{
  "pins" : [
    {
      "identity" : "appharbrsdk",
      "kind" : "remoteSourceControl",
      "location" : "https://github.com/GeoEdgeSDK/AppHarbrSDK.git",
      "state" : {
        "revision" : "4356bb16ce137243373fd0322ae5b70cd296ab02",
        "version" : "1.23.0"
      }
    },
    {
      "identity" : "ats-sdk-ios",
      "kind" : "remoteSourceControl",
      "location" : "https://github.com/LiveRamp/ats-sdk-ios.git",
      "state" : {
        "revision" : "5d6beee4d207ee4df36c6fa0e02ffa78e6b6873b",
        "version" : "2.9.0"
      }
    },
    {
      "identity" : "fbaudiencenetwork",
      "kind" : "remoteSourceControl",
      "location" : "https://github.com/facebook/FBAudienceNetwork",
      "state" : {
        "revision" : "0b7bd807fff993055838e6d6a410eddf590c09ac",
        "version" : "6.21.1"
      }
    },
    {
      "identity" : "mintegraladsdk-swift-package",
      "kind" : "remoteSourceControl",
      "location" : "https://github.com/Mintegral-official/MintegralAdSDK-Swift-Package",
      "state" : {
        "revision" : "b483374ae72193a547f97055132ac9d0a3a5cb7f",
        "version" : "7.7.9"
      }
    },
    {
      "identity" : "mobilefuse-ios-sdk-spm",
      "kind" : "remoteSourceControl",
      "location" : "https://github.com/mobilefuse/mobilefuse-ios-sdk-spm",
      "state" : {
        "revision" : "c59b2cb2283c8b0a40ebcea6f12c317444d56638",
        "version" : "1.11.0"
      }
    },
    {
      "identity" : "nimbus-ios-sdk",
      "kind" : "remoteSourceControl",
      "location" : "https://github.com/adsbynimbus/nimbus-ios-sdk",
      "state" : {
        "revision" : "19cf767ba03206263be6fea937b2a132a4034e45",
        "version" : "2.33.0"
      }
    },
    {
      "identity" : "swift-package-manager-google-mobile-ads",
      "kind" : "remoteSourceControl",
      "location" : "https://github.com/googleads/swift-package-manager-google-mobile-ads.git",
      "state" : {
        "revision" : "1239c23464503053c17d37ee5daa70de3455e9c8",
        "version" : "12.14.0"
      }
    },
    {
      "identity" : "swift-package-manager-google-user-messaging-platform",
      "kind" : "remoteSourceControl",
      "location" : "https://github.com/googleads/swift-package-manager-google-user-messaging-platform.git",
      "state" : {
        "revision" : "13b248eaa73b7826f0efb1bcf455e251d65ecb1b",
        "version" : "3.1.0"
      }
    },
    {
      "identity" : "vungleadssdk-swiftpackagemanager",
      "kind" : "remoteSourceControl",
      "location" : "https://github.com/Vungle/VungleAdsSDK-SwiftPackageManager.git",
      "state" : {
        "revision" : "f38ec7eaf8f84e50c194595620fb3c4e325d2f31",
        "version" : "7.7.1"
      }
    }
  ],
  "version" : 2
}
